
Microsoft Visual Studio Solution File, Format Version 12.00
# Visual Studio 15
VisualStudioVersion = 15.0.27130.2010
MinimumVisualStudioVersion = 10.0.40219.1
Project("{8BC9CEB8-8B4A-11D0-8D11-00A0C91BC942}") = "Odległości", "Odległości\Odległości.vcxproj", "{D7D90737-9593-442B-92D1-F17BCF257230}"
EndProject
Project("{2150E333-8FDC-42A3-9474-1A3956D46DE8}") = "PreOIDuzy2018", "PreOIDuzy2018", "{45C82AB6-99AB-4241-8C9C-8963F75FA613}"
EndProject
Project("{2150E333-8FDC-42A3-9474-1A3956D46DE8}") = "Dzień_1", "Dzień_1", "{C97EB9F0-27A4-4464-9A24-0C0190A3290A}"
EndProject
Project("{8BC9CEB8-8B4A-11D0-8D11-00A0C91BC942}") = "CowsInSkycraper", "CowsInSkycraper\CowsInSkycraper.vcxproj", "{D624CE43-1EE0-4699-A44A-8888D1C77655}"
EndProject
Project("{2150E333-8FDC-42A3-9474-1A3956D46DE8}") = "Dzień_2", "Dzień_2", "{26592AB7-A299-4432-99A2-85F2DCD199C4}"
EndProject
Project("{8BC9CEB8-8B4A-11D0-8D11-00A0C91BC942}") = "MooBallCompetition", "MooBallCompetition\MooBallCompetition.vcxproj", "{4BC517CD-BC32-48AB-AFEE-8545CB9DD3AA}"
EndProject
Project("{8BC9CEB8-8B4A-11D0-8D11-00A0C91BC942}") = "Odometer", "Odometer\Odometer.vcxproj", "{CC71061D-4720-4DF9-BDAD-91D1A9278AE6}"
EndProject
Project("{2150E333-8FDC-42A3-9474-1A3956D46DE8}") = "Pomorzanka2018", "Pomorzanka2018", "{CA2F80C9-44E3-4D29-81F9-39E82D911DA0}"
EndProject
Project("{2150E333-8FDC-42A3-9474-1A3956D46DE8}") = "Dzień1", "Dzień1", "{4AD0BC83-A643-49F9-91A1-4C6F414CA28F}"
EndProject
Project("{8BC9CEB8-8B4A-11D0-8D11-00A0C91BC942}") = "BazaDanych", "BazaDanych\BazaDanych.vcxproj", "{75E9D5FA-CC27-415E-9706-37633B447C3F}"
EndProject
Project("{8BC9CEB8-8B4A-11D0-8D11-00A0C91BC942}") = "Biznes", "Biznes\Biznes.vcxproj", "{72F6401A-D04A-4EE9-B1DB-D9EA7D20CA29}"
EndProject
Project("{2150E333-8FDC-42A3-9474-1A3956D46DE8}") = "Dzień2", "Dzień2", "{B0593F6A-C3D3-4C96-84DF-2488232CE963}"
EndProject
Project("{8BC9CEB8-8B4A-11D0-8D11-00A0C91BC942}") = "Permutacja", "Permutacja\Permutacja.vcxproj", "{EA0A7C63-E760-433F-A2A8-B52A743814AA}"
EndProject
Project("{2150E333-8FDC-42A3-9474-1A3956D46DE8}") = "Dzień3", "Dzień3", "{8B564A5B-B30E-4F52-87E7-FCC2E785CBE7}"
EndProject
Project("{8BC9CEB8-8B4A-11D0-8D11-00A0C91BC942}") = "Klika", "Klika\Klika.vcxproj", "{38F47C7F-7956-4879-BE63-A63299EAA1BA}"
EndProject
Project("{888888A0-9F3D-457C-B088-3A5042F75D52}") = "KlikaGeneratorka", "KlikaGeneratorka\KlikaGeneratorka.pyproj", "{55413E5E-E8FB-49B5-896E-7BA569696EAC}"
EndProject
Project("{2150E333-8FDC-42A3-9474-1A3956D46DE8}") = "Dzień4", "Dzień4", "{103BDD0C-5558-4E91-BBC4-2775C8C93ABB}"
EndProject
Project("{8BC9CEB8-8B4A-11D0-8D11-00A0C91BC942}") = "Robot", "Robot\Robot.vcxproj", "{D851CCE8-FB17-4683-88EA-F015EE5D0C85}"
EndProject
Project("{888888A0-9F3D-457C-B088-3A5042F75D52}") = "RobotGeneratorka", "RobotGeneratorka\RobotGeneratorka.pyproj", "{9B41E467-DA67-4474-ADB5-5249FA4D1D00}"
EndProject
Project("{8BC9CEB8-8B4A-11D0-8D11-00A0C91BC942}") = "Słowa", "Słowa\Słowa.vcxproj", "{85585232-CBBE-4852-96CB-54EE0CB39FA9}"
EndProject
Project("{2150E333-8FDC-42A3-9474-1A3956D46DE8}") = "GoogleCodeJam2018", "GoogleCodeJam2018", "{80580939-E33B-4E0C-9404-1C4EECDBF9AB}"
EndProject
Project("{2150E333-8FDC-42A3-9474-1A3956D46DE8}") = "QualRound", "QualRound", "{9315A795-F260-45E2-90AA-38A8A5B7D999}"
EndProject
Project("{8BC9CEB8-8B4A-11D0-8D11-00A0C91BC942}") = "Saving The Universe Again", "Saving The Universe Again\Saving The Universe Again.vcxproj", "{D079E002-A1C7-4E32-93D1-CEFC3C1BA566}"
EndProject
Project("{8BC9CEB8-8B4A-11D0-8D11-00A0C91BC942}") = "Trouble Sort", "Trouble Sort\Trouble Sort.vcxproj", "{82845131-1B1D-476C-9037-D6F3CDD62D8E}"
EndProject
Project("{8BC9CEB8-8B4A-11D0-8D11-00A0C91BC942}") = "Go, Gopher!", "Go, Gopher!\Go, Gopher!.vcxproj", "{2362F0F4-EFA6-47C4-8198-6A5410A35B42}"
EndProject
Project("{2150E333-8FDC-42A3-9474-1A3956D46DE8}") = "Round1A", "Round1A", "{2D99DC58-5F11-4211-8CD3-F86B5DF55216}"
EndProject
Project("{8BC9CEB8-8B4A-11D0-8D11-00A0C91BC942}") = "Waffle Choppers", "Waffle Choppers\Waffle Choppers.vcxproj", "{66CA0626-B06B-47F4-8828-D36E5A95E723}"
EndProject
Project("{8BC9CEB8-8B4A-11D0-8D11-00A0C91BC942}") = "Edgy Baking", "Edgy Baking\Edgy Baking.vcxproj", "{636342BD-7EA4-46A0-809F-61EDB77345C0}"
EndProject
Project("{2150E333-8FDC-42A3-9474-1A3956D46DE8}") = "Round1B", "Round1B", "{02F41145-F73D-4850-98A4-6577A1FC8AFA}"
EndProject
Project("{8BC9CEB8-8B4A-11D0-8D11-00A0C91BC942}") = "Rounding Error", "Rounding Error\Rounding Error.vcxproj", "{E519CE9C-2AB7-4033-820B-E09EDF8C1A18}"
EndProject
Global
	GlobalSection(SolutionConfigurationPlatforms) = preSolution
		Debug|Any CPU = Debug|Any CPU
		Debug|x64 = Debug|x64
		Debug|x86 = Debug|x86
		Release|Any CPU = Release|Any CPU
		Release|x64 = Release|x64
		Release|x86 = Release|x86
	EndGlobalSection
	GlobalSection(ProjectConfigurationPlatforms) = postSolution
		{D7D90737-9593-442B-92D1-F17BCF257230}.Debug|Any CPU.ActiveCfg = Debug|Win32
		{D7D90737-9593-442B-92D1-F17BCF257230}.Debug|x64.ActiveCfg = Debug|x64
		{D7D90737-9593-442B-92D1-F17BCF257230}.Debug|x64.Build.0 = Debug|x64
		{D7D90737-9593-442B-92D1-F17BCF257230}.Debug|x86.ActiveCfg = Debug|Win32
		{D7D90737-9593-442B-92D1-F17BCF257230}.Debug|x86.Build.0 = Debug|Win32
		{D7D90737-9593-442B-92D1-F17BCF257230}.Release|Any CPU.ActiveCfg = Release|Win32
		{D7D90737-9593-442B-92D1-F17BCF257230}.Release|x64.ActiveCfg = Release|x64
		{D7D90737-9593-442B-92D1-F17BCF257230}.Release|x64.Build.0 = Release|x64
		{D7D90737-9593-442B-92D1-F17BCF257230}.Release|x86.ActiveCfg = Release|Win32
		{D7D90737-9593-442B-92D1-F17BCF257230}.Release|x86.Build.0 = Release|Win32
		{D624CE43-1EE0-4699-A44A-8888D1C77655}.Debug|Any CPU.ActiveCfg = Debug|Win32
		{D624CE43-1EE0-4699-A44A-8888D1C77655}.Debug|x64.ActiveCfg = Debug|x64
		{D624CE43-1EE0-4699-A44A-8888D1C77655}.Debug|x64.Build.0 = Debug|x64
		{D624CE43-1EE0-4699-A44A-8888D1C77655}.Debug|x86.ActiveCfg = Debug|Win32
		{D624CE43-1EE0-4699-A44A-8888D1C77655}.Debug|x86.Build.0 = Debug|Win32
		{D624CE43-1EE0-4699-A44A-8888D1C77655}.Release|Any CPU.ActiveCfg = Release|Win32
		{D624CE43-1EE0-4699-A44A-8888D1C77655}.Release|x64.ActiveCfg = Release|x64
		{D624CE43-1EE0-4699-A44A-8888D1C77655}.Release|x64.Build.0 = Release|x64
		{D624CE43-1EE0-4699-A44A-8888D1C77655}.Release|x86.ActiveCfg = Release|Win32
		{D624CE43-1EE0-4699-A44A-8888D1C77655}.Release|x86.Build.0 = Release|Win32
		{4BC517CD-BC32-48AB-AFEE-8545CB9DD3AA}.Debug|Any CPU.ActiveCfg = Debug|Win32
		{4BC517CD-BC32-48AB-AFEE-8545CB9DD3AA}.Debug|x64.ActiveCfg = Debug|x64
		{4BC517CD-BC32-48AB-AFEE-8545CB9DD3AA}.Debug|x64.Build.0 = Debug|x64
		{4BC517CD-BC32-48AB-AFEE-8545CB9DD3AA}.Debug|x86.ActiveCfg = Debug|Win32
		{4BC517CD-BC32-48AB-AFEE-8545CB9DD3AA}.Debug|x86.Build.0 = Debug|Win32
		{4BC517CD-BC32-48AB-AFEE-8545CB9DD3AA}.Release|Any CPU.ActiveCfg = Release|Win32
		{4BC517CD-BC32-48AB-AFEE-8545CB9DD3AA}.Release|x64.ActiveCfg = Release|x64
		{4BC517CD-BC32-48AB-AFEE-8545CB9DD3AA}.Release|x64.Build.0 = Release|x64
		{4BC517CD-BC32-48AB-AFEE-8545CB9DD3AA}.Release|x86.ActiveCfg = Release|Win32
		{4BC517CD-BC32-48AB-AFEE-8545CB9DD3AA}.Release|x86.Build.0 = Release|Win32
		{CC71061D-4720-4DF9-BDAD-91D1A9278AE6}.Debug|Any CPU.ActiveCfg = Debug|Win32
		{CC71061D-4720-4DF9-BDAD-91D1A9278AE6}.Debug|x64.ActiveCfg = Debug|x64
		{CC71061D-4720-4DF9-BDAD-91D1A9278AE6}.Debug|x64.Build.0 = Debug|x64
		{CC71061D-4720-4DF9-BDAD-91D1A9278AE6}.Debug|x86.ActiveCfg = Debug|Win32
		{CC71061D-4720-4DF9-BDAD-91D1A9278AE6}.Debug|x86.Build.0 = Debug|Win32
		{CC71061D-4720-4DF9-BDAD-91D1A9278AE6}.Release|Any CPU.ActiveCfg = Release|Win32
		{CC71061D-4720-4DF9-BDAD-91D1A9278AE6}.Release|x64.ActiveCfg = Release|x64
		{CC71061D-4720-4DF9-BDAD-91D1A9278AE6}.Release|x64.Build.0 = Release|x64
		{CC71061D-4720-4DF9-BDAD-91D1A9278AE6}.Release|x86.ActiveCfg = Release|Win32
		{CC71061D-4720-4DF9-BDAD-91D1A9278AE6}.Release|x86.Build.0 = Release|Win32
		{75E9D5FA-CC27-415E-9706-37633B447C3F}.Debug|Any CPU.ActiveCfg = Debug|Win32
		{75E9D5FA-CC27-415E-9706-37633B447C3F}.Debug|x64.ActiveCfg = Debug|x64
		{75E9D5FA-CC27-415E-9706-37633B447C3F}.Debug|x64.Build.0 = Debug|x64
		{75E9D5FA-CC27-415E-9706-37633B447C3F}.Debug|x86.ActiveCfg = Debug|Win32
		{75E9D5FA-CC27-415E-9706-37633B447C3F}.Debug|x86.Build.0 = Debug|Win32
		{75E9D5FA-CC27-415E-9706-37633B447C3F}.Release|Any CPU.ActiveCfg = Release|Win32
		{75E9D5FA-CC27-415E-9706-37633B447C3F}.Release|x64.ActiveCfg = Release|x64
		{75E9D5FA-CC27-415E-9706-37633B447C3F}.Release|x64.Build.0 = Release|x64
		{75E9D5FA-CC27-415E-9706-37633B447C3F}.Release|x86.ActiveCfg = Release|Win32
		{75E9D5FA-CC27-415E-9706-37633B447C3F}.Release|x86.Build.0 = Release|Win32
		{72F6401A-D04A-4EE9-B1DB-D9EA7D20CA29}.Debug|Any CPU.ActiveCfg = Debug|Win32
		{72F6401A-D04A-4EE9-B1DB-D9EA7D20CA29}.Debug|x64.ActiveCfg = Debug|x64
		{72F6401A-D04A-4EE9-B1DB-D9EA7D20CA29}.Debug|x64.Build.0 = Debug|x64
		{72F6401A-D04A-4EE9-B1DB-D9EA7D20CA29}.Debug|x86.ActiveCfg = Debug|Win32
		{72F6401A-D04A-4EE9-B1DB-D9EA7D20CA29}.Debug|x86.Build.0 = Debug|Win32
		{72F6401A-D04A-4EE9-B1DB-D9EA7D20CA29}.Release|Any CPU.ActiveCfg = Release|Win32
		{72F6401A-D04A-4EE9-B1DB-D9EA7D20CA29}.Release|x64.ActiveCfg = Release|x64
		{72F6401A-D04A-4EE9-B1DB-D9EA7D20CA29}.Release|x64.Build.0 = Release|x64
		{72F6401A-D04A-4EE9-B1DB-D9EA7D20CA29}.Release|x86.ActiveCfg = Release|Win32
		{72F6401A-D04A-4EE9-B1DB-D9EA7D20CA29}.Release|x86.Build.0 = Release|Win32
		{EA0A7C63-E760-433F-A2A8-B52A743814AA}.Debug|Any CPU.ActiveCfg = Debug|Win32
		{EA0A7C63-E760-433F-A2A8-B52A743814AA}.Debug|x64.ActiveCfg = Debug|x64
		{EA0A7C63-E760-433F-A2A8-B52A743814AA}.Debug|x64.Build.0 = Debug|x64
		{EA0A7C63-E760-433F-A2A8-B52A743814AA}.Debug|x86.ActiveCfg = Debug|Win32
		{EA0A7C63-E760-433F-A2A8-B52A743814AA}.Debug|x86.Build.0 = Debug|Win32
		{EA0A7C63-E760-433F-A2A8-B52A743814AA}.Release|Any CPU.ActiveCfg = Release|Win32
		{EA0A7C63-E760-433F-A2A8-B52A743814AA}.Release|x64.ActiveCfg = Release|x64
		{EA0A7C63-E760-433F-A2A8-B52A743814AA}.Release|x64.Build.0 = Release|x64
		{EA0A7C63-E760-433F-A2A8-B52A743814AA}.Release|x86.ActiveCfg = Release|Win32
		{EA0A7C63-E760-433F-A2A8-B52A743814AA}.Release|x86.Build.0 = Release|Win32
		{38F47C7F-7956-4879-BE63-A63299EAA1BA}.Debug|Any CPU.ActiveCfg = Debug|Win32
		{38F47C7F-7956-4879-BE63-A63299EAA1BA}.Debug|x64.ActiveCfg = Debug|x64
		{38F47C7F-7956-4879-BE63-A63299EAA1BA}.Debug|x64.Build.0 = Debug|x64
		{38F47C7F-7956-4879-BE63-A63299EAA1BA}.Debug|x86.ActiveCfg = Debug|Win32
		{38F47C7F-7956-4879-BE63-A63299EAA1BA}.Debug|x86.Build.0 = Debug|Win32
		{38F47C7F-7956-4879-BE63-A63299EAA1BA}.Release|Any CPU.ActiveCfg = Release|Win32
		{38F47C7F-7956-4879-BE63-A63299EAA1BA}.Release|x64.ActiveCfg = Release|x64
		{38F47C7F-7956-4879-BE63-A63299EAA1BA}.Release|x64.Build.0 = Release|x64
		{38F47C7F-7956-4879-BE63-A63299EAA1BA}.Release|x86.ActiveCfg = Release|Win32
		{38F47C7F-7956-4879-BE63-A63299EAA1BA}.Release|x86.Build.0 = Release|Win32
		{55413E5E-E8FB-49B5-896E-7BA569696EAC}.Debug|Any CPU.ActiveCfg = Debug|Any CPU
		{55413E5E-E8FB-49B5-896E-7BA569696EAC}.Debug|x64.ActiveCfg = Debug|Any CPU
		{55413E5E-E8FB-49B5-896E-7BA569696EAC}.Debug|x86.ActiveCfg = Debug|Any CPU
		{55413E5E-E8FB-49B5-896E-7BA569696EAC}.Release|Any CPU.ActiveCfg = Release|Any CPU
		{55413E5E-E8FB-49B5-896E-7BA569696EAC}.Release|x64.ActiveCfg = Release|Any CPU
		{55413E5E-E8FB-49B5-896E-7BA569696EAC}.Release|x86.ActiveCfg = Release|Any CPU
		{D851CCE8-FB17-4683-88EA-F015EE5D0C85}.Debug|Any CPU.ActiveCfg = Debug|Win32
		{D851CCE8-FB17-4683-88EA-F015EE5D0C85}.Debug|x64.ActiveCfg = Debug|x64
		{D851CCE8-FB17-4683-88EA-F015EE5D0C85}.Debug|x64.Build.0 = Debug|x64
		{D851CCE8-FB17-4683-88EA-F015EE5D0C85}.Debug|x86.ActiveCfg = Debug|Win32
		{D851CCE8-FB17-4683-88EA-F015EE5D0C85}.Debug|x86.Build.0 = Debug|Win32
		{D851CCE8-FB17-4683-88EA-F015EE5D0C85}.Release|Any CPU.ActiveCfg = Release|Win32
		{D851CCE8-FB17-4683-88EA-F015EE5D0C85}.Release|x64.ActiveCfg = Release|x64
		{D851CCE8-FB17-4683-88EA-F015EE5D0C85}.Release|x64.Build.0 = Release|x64
		{D851CCE8-FB17-4683-88EA-F015EE5D0C85}.Release|x86.ActiveCfg = Release|Win32
		{D851CCE8-FB17-4683-88EA-F015EE5D0C85}.Release|x86.Build.0 = Release|Win32
		{9B41E467-DA67-4474-ADB5-5249FA4D1D00}.Debug|Any CPU.ActiveCfg = Debug|Any CPU
		{9B41E467-DA67-4474-ADB5-5249FA4D1D00}.Debug|x64.ActiveCfg = Debug|Any CPU
		{9B41E467-DA67-4474-ADB5-5249FA4D1D00}.Debug|x86.ActiveCfg = Debug|Any CPU
		{9B41E467-DA67-4474-ADB5-5249FA4D1D00}.Release|Any CPU.ActiveCfg = Release|Any CPU
		{9B41E467-DA67-4474-ADB5-5249FA4D1D00}.Release|x64.ActiveCfg = Release|Any CPU
		{9B41E467-DA67-4474-ADB5-5249FA4D1D00}.Release|x86.ActiveCfg = Release|Any CPU
		{85585232-CBBE-4852-96CB-54EE0CB39FA9}.Debug|Any CPU.ActiveCfg = Debug|Win32
		{85585232-CBBE-4852-96CB-54EE0CB39FA9}.Debug|x64.ActiveCfg = Debug|x64
		{85585232-CBBE-4852-96CB-54EE0CB39FA9}.Debug|x64.Build.0 = Debug|x64
		{85585232-CBBE-4852-96CB-54EE0CB39FA9}.Debug|x86.ActiveCfg = Debug|Win32
		{85585232-CBBE-4852-96CB-54EE0CB39FA9}.Debug|x86.Build.0 = Debug|Win32
		{85585232-CBBE-4852-96CB-54EE0CB39FA9}.Release|Any CPU.ActiveCfg = Release|Win32
		{85585232-CBBE-4852-96CB-54EE0CB39FA9}.Release|x64.ActiveCfg = Release|x64
		{85585232-CBBE-4852-96CB-54EE0CB39FA9}.Release|x64.Build.0 = Release|x64
		{85585232-CBBE-4852-96CB-54EE0CB39FA9}.Release|x86.ActiveCfg = Release|Win32
		{85585232-CBBE-4852-96CB-54EE0CB39FA9}.Release|x86.Build.0 = Release|Win32
		{D079E002-A1C7-4E32-93D1-CEFC3C1BA566}.Debug|Any CPU.ActiveCfg = Debug|Win32
		{D079E002-A1C7-4E32-93D1-CEFC3C1BA566}.Debug|x64.ActiveCfg = Debug|x64
		{D079E002-A1C7-4E32-93D1-CEFC3C1BA566}.Debug|x64.Build.0 = Debug|x64
		{D079E002-A1C7-4E32-93D1-CEFC3C1BA566}.Debug|x86.ActiveCfg = Debug|Win32
		{D079E002-A1C7-4E32-93D1-CEFC3C1BA566}.Debug|x86.Build.0 = Debug|Win32
		{D079E002-A1C7-4E32-93D1-CEFC3C1BA566}.Release|Any CPU.ActiveCfg = Release|Win32
		{D079E002-A1C7-4E32-93D1-CEFC3C1BA566}.Release|x64.ActiveCfg = Release|x64
		{D079E002-A1C7-4E32-93D1-CEFC3C1BA566}.Release|x64.Build.0 = Release|x64
		{D079E002-A1C7-4E32-93D1-CEFC3C1BA566}.Release|x86.ActiveCfg = Release|Win32
		{D079E002-A1C7-4E32-93D1-CEFC3C1BA566}.Release|x86.Build.0 = Release|Win32
		{82845131-1B1D-476C-9037-D6F3CDD62D8E}.Debug|Any CPU.ActiveCfg = Debug|Win32
		{82845131-1B1D-476C-9037-D6F3CDD62D8E}.Debug|x64.ActiveCfg = Debug|x64
		{82845131-1B1D-476C-9037-D6F3CDD62D8E}.Debug|x64.Build.0 = Debug|x64
		{82845131-1B1D-476C-9037-D6F3CDD62D8E}.Debug|x86.ActiveCfg = Debug|Win32
		{82845131-1B1D-476C-9037-D6F3CDD62D8E}.Debug|x86.Build.0 = Debug|Win32
		{82845131-1B1D-476C-9037-D6F3CDD62D8E}.Release|Any CPU.ActiveCfg = Release|Win32
		{82845131-1B1D-476C-9037-D6F3CDD62D8E}.Release|x64.ActiveCfg = Release|x64
		{82845131-1B1D-476C-9037-D6F3CDD62D8E}.Release|x64.Build.0 = Release|x64
		{82845131-1B1D-476C-9037-D6F3CDD62D8E}.Release|x86.ActiveCfg = Release|Win32
		{82845131-1B1D-476C-9037-D6F3CDD62D8E}.Release|x86.Build.0 = Release|Win32
		{2362F0F4-EFA6-47C4-8198-6A5410A35B42}.Debug|Any CPU.ActiveCfg = Debug|Win32
		{2362F0F4-EFA6-47C4-8198-6A5410A35B42}.Debug|x64.ActiveCfg = Debug|x64
		{2362F0F4-EFA6-47C4-8198-6A5410A35B42}.Debug|x64.Build.0 = Debug|x64
		{2362F0F4-EFA6-47C4-8198-6A5410A35B42}.Debug|x86.ActiveCfg = Debug|Win32
		{2362F0F4-EFA6-47C4-8198-6A5410A35B42}.Debug|x86.Build.0 = Debug|Win32
		{2362F0F4-EFA6-47C4-8198-6A5410A35B42}.Release|Any CPU.ActiveCfg = Release|Win32
		{2362F0F4-EFA6-47C4-8198-6A5410A35B42}.Release|x64.ActiveCfg = Release|x64
		{2362F0F4-EFA6-47C4-8198-6A5410A35B42}.Release|x64.Build.0 = Release|x64
		{2362F0F4-EFA6-47C4-8198-6A5410A35B42}.Release|x86.ActiveCfg = Release|Win32
		{2362F0F4-EFA6-47C4-8198-6A5410A35B42}.Release|x86.Build.0 = Release|Win32
		{66CA0626-B06B-47F4-8828-D36E5A95E723}.Debug|Any CPU.ActiveCfg = Debug|Win32
		{66CA0626-B06B-47F4-8828-D36E5A95E723}.Debug|x64.ActiveCfg = Debug|x64
		{66CA0626-B06B-47F4-8828-D36E5A95E723}.Debug|x64.Build.0 = Debug|x64
		{66CA0626-B06B-47F4-8828-D36E5A95E723}.Debug|x86.ActiveCfg = Debug|Win32
		{66CA0626-B06B-47F4-8828-D36E5A95E723}.Debug|x86.Build.0 = Debug|Win32
		{66CA0626-B06B-47F4-8828-D36E5A95E723}.Release|Any CPU.ActiveCfg = Release|Win32
		{66CA0626-B06B-47F4-8828-D36E5A95E723}.Release|x64.ActiveCfg = Release|x64
		{66CA0626-B06B-47F4-8828-D36E5A95E723}.Release|x64.Build.0 = Release|x64
		{66CA0626-B06B-47F4-8828-D36E5A95E723}.Release|x86.ActiveCfg = Release|Win32
		{66CA0626-B06B-47F4-8828-D36E5A95E723}.Release|x86.Build.0 = Release|Win32
		{636342BD-7EA4-46A0-809F-61EDB77345C0}.Debug|Any CPU.ActiveCfg = Debug|Win32
		{636342BD-7EA4-46A0-809F-61EDB77345C0}.Debug|x64.ActiveCfg = Debug|x64
		{636342BD-7EA4-46A0-809F-61EDB77345C0}.Debug|x64.Build.0 = Debug|x64
		{636342BD-7EA4-46A0-809F-61EDB77345C0}.Debug|x86.ActiveCfg = Debug|Win32
		{636342BD-7EA4-46A0-809F-61EDB77345C0}.Debug|x86.Build.0 = Debug|Win32
		{636342BD-7EA4-46A0-809F-61EDB77345C0}.Release|Any CPU.ActiveCfg = Release|Win32
		{636342BD-7EA4-46A0-809F-61EDB77345C0}.Release|x64.ActiveCfg = Release|x64
		{636342BD-7EA4-46A0-809F-61EDB77345C0}.Release|x64.Build.0 = Release|x64
		{636342BD-7EA4-46A0-809F-61EDB77345C0}.Release|x86.ActiveCfg = Release|Win32
		{636342BD-7EA4-46A0-809F-61EDB77345C0}.Release|x86.Build.0 = Release|Win32
		{E519CE9C-2AB7-4033-820B-E09EDF8C1A18}.Debug|Any CPU.ActiveCfg = Debug|Win32
		{E519CE9C-2AB7-4033-820B-E09EDF8C1A18}.Debug|x64.ActiveCfg = Debug|x64
		{E519CE9C-2AB7-4033-820B-E09EDF8C1A18}.Debug|x64.Build.0 = Debug|x64
		{E519CE9C-2AB7-4033-820B-E09EDF8C1A18}.Debug|x86.ActiveCfg = Debug|Win32
		{E519CE9C-2AB7-4033-820B-E09EDF8C1A18}.Debug|x86.Build.0 = Debug|Win32
		{E519CE9C-2AB7-4033-820B-E09EDF8C1A18}.Release|Any CPU.ActiveCfg = Release|Win32
		{E519CE9C-2AB7-4033-820B-E09EDF8C1A18}.Release|x64.ActiveCfg = Release|x64
		{E519CE9C-2AB7-4033-820B-E09EDF8C1A18}.Release|x64.Build.0 = Release|x64
		{E519CE9C-2AB7-4033-820B-E09EDF8C1A18}.Release|x86.ActiveCfg = Release|Win32
		{E519CE9C-2AB7-4033-820B-E09EDF8C1A18}.Release|x86.Build.0 = Release|Win32
	EndGlobalSection
	GlobalSection(SolutionProperties) = preSolution
		HideSolutionNode = FALSE
	EndGlobalSection
	GlobalSection(NestedProjects) = preSolution
		{C97EB9F0-27A4-4464-9A24-0C0190A3290A} = {45C82AB6-99AB-4241-8C9C-8963F75FA613}
		{D624CE43-1EE0-4699-A44A-8888D1C77655} = {C97EB9F0-27A4-4464-9A24-0C0190A3290A}
		{26592AB7-A299-4432-99A2-85F2DCD199C4} = {45C82AB6-99AB-4241-8C9C-8963F75FA613}
		{4BC517CD-BC32-48AB-AFEE-8545CB9DD3AA} = {26592AB7-A299-4432-99A2-85F2DCD199C4}
		{CC71061D-4720-4DF9-BDAD-91D1A9278AE6} = {26592AB7-A299-4432-99A2-85F2DCD199C4}
		{4AD0BC83-A643-49F9-91A1-4C6F414CA28F} = {CA2F80C9-44E3-4D29-81F9-39E82D911DA0}
		{75E9D5FA-CC27-415E-9706-37633B447C3F} = {4AD0BC83-A643-49F9-91A1-4C6F414CA28F}
		{72F6401A-D04A-4EE9-B1DB-D9EA7D20CA29} = {4AD0BC83-A643-49F9-91A1-4C6F414CA28F}
		{B0593F6A-C3D3-4C96-84DF-2488232CE963} = {CA2F80C9-44E3-4D29-81F9-39E82D911DA0}
		{EA0A7C63-E760-433F-A2A8-B52A743814AA} = {B0593F6A-C3D3-4C96-84DF-2488232CE963}
		{8B564A5B-B30E-4F52-87E7-FCC2E785CBE7} = {CA2F80C9-44E3-4D29-81F9-39E82D911DA0}
		{38F47C7F-7956-4879-BE63-A63299EAA1BA} = {8B564A5B-B30E-4F52-87E7-FCC2E785CBE7}
		{55413E5E-E8FB-49B5-896E-7BA569696EAC} = {8B564A5B-B30E-4F52-87E7-FCC2E785CBE7}
		{103BDD0C-5558-4E91-BBC4-2775C8C93ABB} = {CA2F80C9-44E3-4D29-81F9-39E82D911DA0}
		{D851CCE8-FB17-4683-88EA-F015EE5D0C85} = {103BDD0C-5558-4E91-BBC4-2775C8C93ABB}
		{9B41E467-DA67-4474-ADB5-5249FA4D1D00} = {103BDD0C-5558-4E91-BBC4-2775C8C93ABB}
		{85585232-CBBE-4852-96CB-54EE0CB39FA9} = {103BDD0C-5558-4E91-BBC4-2775C8C93ABB}
		{9315A795-F260-45E2-90AA-38A8A5B7D999} = {80580939-E33B-4E0C-9404-1C4EECDBF9AB}
		{D079E002-A1C7-4E32-93D1-CEFC3C1BA566} = {9315A795-F260-45E2-90AA-38A8A5B7D999}
		{82845131-1B1D-476C-9037-D6F3CDD62D8E} = {9315A795-F260-45E2-90AA-38A8A5B7D999}
		{2362F0F4-EFA6-47C4-8198-6A5410A35B42} = {9315A795-F260-45E2-90AA-38A8A5B7D999}
		{2D99DC58-5F11-4211-8CD3-F86B5DF55216} = {80580939-E33B-4E0C-9404-1C4EECDBF9AB}
		{66CA0626-B06B-47F4-8828-D36E5A95E723} = {2D99DC58-5F11-4211-8CD3-F86B5DF55216}
		{636342BD-7EA4-46A0-809F-61EDB77345C0} = {2D99DC58-5F11-4211-8CD3-F86B5DF55216}
		{02F41145-F73D-4850-98A4-6577A1FC8AFA} = {80580939-E33B-4E0C-9404-1C4EECDBF9AB}
		{E519CE9C-2AB7-4033-820B-E09EDF8C1A18} = {02F41145-F73D-4850-98A4-6577A1FC8AFA}
	EndGlobalSection
	GlobalSection(ExtensibilityGlobals) = postSolution
		SolutionGuid = {763C1627-BDAB-4C28-A1A5-B9F0E9FD02ED}
	EndGlobalSection
	GlobalSection(Performance) = preSolution
		HasPerformanceSessions = true
	EndGlobalSection
	GlobalSection(Performance) = preSolution
		HasPerformanceSessions = true
	EndGlobalSection
	GlobalSection(Performance) = preSolution
		HasPerformanceSessions = true
	EndGlobalSection
	GlobalSection(Performance) = preSolution
		HasPerformanceSessions = true
	EndGlobalSection
	GlobalSection(Performance) = preSolution
		HasPerformanceSessions = true
	EndGlobalSection
EndGlobal
